
Microsoft Visual Studio Solution File, Format Version 12.00
# Visual Studio Version 17
VisualStudioVersion = 17.8.34408.163
MinimumVisualStudioVersion = 10.0.40219.1
Project("{9A19103F-16F7-4668-BE54-9A1E7A4F7556}") = "InventorySystem", "InventorySystem.csproj", "{1EBB7F3C-EE9E-4EBD-9299-C3DC2EBD040B}"
EndProject
Global
	GlobalSection(SolutionConfigurationPlatforms) = preSolution
		Debug|Any CPU = Debug|Any CPU
		Release|Any CPU = Release|Any CPU
	EndGlobalSection
	GlobalSection(ProjectConfigurationPlatforms) = postSolution
		{1EBB7F3C-EE9E-4EBD-9299-C3DC2EBD040B}.Debug|Any CPU.ActiveCfg = Debug|Any CPU
		{1EBB7F3C-EE9E-4EBD-9299-C3DC2EBD040B}.Debug|Any CPU.Build.0 = Debug|Any CPU
		{1EBB7F3C-EE9E-4EBD-9299-C3DC2EBD040B}.Release|Any CPU.ActiveCfg = Release|Any CPU
		{1EBB7F3C-EE9E-4EBD-9299-C3DC2EBD040B}.Release|Any CPU.Build.0 = Release|Any CPU
	EndGlobalSection
	GlobalSection(SolutionProperties) = preSolution
		HideSolutionNode = FALSE
	EndGlobalSection
	GlobalSection(ExtensibilityGlobals) = postSolution
		SolutionGuid = {D8AAE1C1-CE44-4543-8E29-9139015BED41}
	EndGlobalSection
EndGlobal
